// !$*UTF8*$!
{
	archiveVersion = 1;
	classes = {
	};
	objectVersion = 56;
	objects = {

/* Begin PBXBuildFile section */
		9528A3332B78D1E500824859 /* ListingDetailView.swift in Sources */ = {isa = PBXBuildFile; fileRef = 9528A3322B78D1E500824859 /* ListingDetailView.swift */; };
		9528A3352B78D28700824859 /* ListingImageCarouselView.swift in Sources */ = {isa = PBXBuildFile; fileRef = 9528A3342B78D28700824859 /* ListingImageCarouselView.swift */; };
		95A55BBA2B777D870044411B /* AirbnbAppApp.swift in Sources */ = {isa = PBXBuildFile; fileRef = 95A55BB92B777D870044411B /* AirbnbAppApp.swift */; };
		95A55BBC2B777D870044411B /* ContentView.swift in Sources */ = {isa = PBXBuildFile; fileRef = 95A55BBB2B777D870044411B /* ContentView.swift */; };
		95A55BBE2B777D870044411B /* Assets.xcassets in Resources */ = {isa = PBXBuildFile; fileRef = 95A55BBD2B777D870044411B /* Assets.xcassets */; };
		95A55BC12B777D870044411B /* Preview Assets.xcassets in Resources */ = {isa = PBXBuildFile; fileRef = 95A55BC02B777D870044411B /* Preview Assets.xcassets */; };
		95A55BD42B7787FD0044411B /* ExplorerView.swift in Sources */ = {isa = PBXBuildFile; fileRef = 95A55BD32B7787FD0044411B /* ExplorerView.swift */; };
		95A55BD62B778B040044411B /* ListingItemView.swift in Sources */ = {isa = PBXBuildFile; fileRef = 95A55BD52B778B040044411B /* ListingItemView.swift */; };
		95A55BD82B77BF400044411B /* SearchAndFilterBar.swift in Sources */ = {isa = PBXBuildFile; fileRef = 95A55BD72B77BF400044411B /* SearchAndFilterBar.swift */; };
		95A55BDA2B77CA910044411B /* HexToColor.swift in Sources */ = {isa = PBXBuildFile; fileRef = 95A55BD92B77CA910044411B /* HexToColor.swift */; };
		95A55BDE2B77FFB50044411B /* CircularButton.swift in Sources */ = {isa = PBXBuildFile; fileRef = 95A55BDD2B77FFB50044411B /* CircularButton.swift */; };
		95A55BE12B78229E0044411B /* SymbolToggle.swift in Sources */ = {isa = PBXBuildFile; fileRef = 95A55BE02B78229E0044411B /* SymbolToggle.swift */; };
		95A55BE32B782CC60044411B /* TextAndToggle.swift in Sources */ = {isa = PBXBuildFile; fileRef = 95A55BE22B782CC60044411B /* TextAndToggle.swift */; };
/* End PBXBuildFile section */

/* Begin PBXFileReference section */
		9528A3322B78D1E500824859 /* ListingDetailView.swift */ = {isa = PBXFileReference; lastKnownFileType = sourcecode.swift; path = ListingDetailView.swift; sourceTree = "<group>"; };
		9528A3342B78D28700824859 /* ListingImageCarouselView.swift */ = {isa = PBXFileReference; lastKnownFileType = sourcecode.swift; path = ListingImageCarouselView.swift; sourceTree = "<group>"; };
		95A55BB62B777D870044411B /* AirbnbApp.app */ = {isa = PBXFileReference; explicitFileType = wrapper.application; includeInIndex = 0; path = AirbnbApp.app; sourceTree = BUILT_PRODUCTS_DIR; };
		95A55BB92B777D870044411B /* AirbnbAppApp.swift */ = {isa = PBXFileReference; lastKnownFileType = sourcecode.swift; path = AirbnbAppApp.swift; sourceTree = "<group>"; };
		95A55BBB2B777D870044411B /* ContentView.swift */ = {isa = PBXFileReference; lastKnownFileType = sourcecode.swift; path = ContentView.swift; sourceTree = "<group>"; };
		95A55BBD2B777D870044411B /* Assets.xcassets */ = {isa = PBXFileReference; lastKnownFileType = folder.assetcatalog; path = Assets.xcassets; sourceTree = "<group>"; };
		95A55BC02B777D870044411B /* Preview Assets.xcassets */ = {isa = PBXFileReference; lastKnownFileType = folder.assetcatalog; path = "Preview Assets.xcassets"; sourceTree = "<group>"; };
		95A55BD32B7787FD0044411B /* ExplorerView.swift */ = {isa = PBXFileReference; lastKnownFileType = sourcecode.swift; path = ExplorerView.swift; sourceTree = "<group>"; };
		95A55BD52B778B040044411B /* ListingItemView.swift */ = {isa = PBXFileReference; lastKnownFileType = sourcecode.swift; path = ListingItemView.swift; sourceTree = "<group>"; };
		95A55BD72B77BF400044411B /* SearchAndFilterBar.swift */ = {isa = PBXFileReference; lastKnownFileType = sourcecode.swift; path = SearchAndFilterBar.swift; sourceTree = "<group>"; };
		95A55BD92B77CA910044411B /* HexToColor.swift */ = {isa = PBXFileReference; lastKnownFileType = sourcecode.swift; path = HexToColor.swift; sourceTree = "<group>"; };
		95A55BDD2B77FFB50044411B /* CircularButton.swift */ = {isa = PBXFileReference; lastKnownFileType = sourcecode.swift; path = CircularButton.swift; sourceTree = "<group>"; };
		95A55BE02B78229E0044411B /* SymbolToggle.swift */ = {isa = PBXFileReference; lastKnownFileType = sourcecode.swift; path = SymbolToggle.swift; sourceTree = "<group>"; };
		95A55BE22B782CC60044411B /* TextAndToggle.swift */ = {isa = PBXFileReference; lastKnownFileType = sourcecode.swift; path = TextAndToggle.swift; sourceTree = "<group>"; };
/* End PBXFileReference section */

/* Begin PBXFrameworksBuildPhase section */
		95A55BB32B777D870044411B /* Frameworks */ = {
			isa = PBXFrameworksBuildPhase;
			buildActionMask = 2147483647;
			files = (
			);
			runOnlyForDeploymentPostprocessing = 0;
		};
/* End PBXFrameworksBuildPhase section */

/* Begin PBXGroup section */
		95A55BAD2B777D870044411B = {
			isa = PBXGroup;
			children = (
				95A55BB82B777D870044411B /* AirbnbApp */,
				95A55BB72B777D870044411B /* Products */,
			);
			sourceTree = "<group>";
		};
		95A55BB72B777D870044411B /* Products */ = {
			isa = PBXGroup;
			children = (
				95A55BB62B777D870044411B /* AirbnbApp.app */,
			);
			name = Products;
			sourceTree = "<group>";
		};
		95A55BB82B777D870044411B /* AirbnbApp */ = {
			isa = PBXGroup;
			children = (
				95A55BCA2B7784C50044411B /* App */,
				95A55BC92B7784C30044411B /* Core */,
				95A55BC82B7784C00044411B /* Extensions */,
				95A55BC72B7784BA0044411B /* Models */,
				95A55BCB2B7784C90044411B /* Utils */,
				95A55BB92B777D870044411B /* AirbnbAppApp.swift */,
				95A55BBB2B777D870044411B /* ContentView.swift */,
				95A55BBD2B777D870044411B /* Assets.xcassets */,
				95A55BBF2B777D870044411B /* Preview Content */,
			);
			path = AirbnbApp;
			sourceTree = "<group>";
		};
		95A55BBF2B777D870044411B /* Preview Content */ = {
			isa = PBXGroup;
			children = (
				95A55BC02B777D870044411B /* Preview Assets.xcassets */,
			);
			path = "Preview Content";
			sourceTree = "<group>";
		};
		95A55BC72B7784BA0044411B /* Models */ = {
			isa = PBXGroup;
			children = (
			);
			name = Models;
			sourceTree = "<group>";
		};
		95A55BC82B7784C00044411B /* Extensions */ = {
			isa = PBXGroup;
			children = (
				95A55BD92B77CA910044411B /* HexToColor.swift */,
			);
			path = Extensions;
			sourceTree = "<group>";
		};
		95A55BC92B7784C30044411B /* Core */ = {
			isa = PBXGroup;
			children = (
				95A55BDB2B77FF700044411B /* Components */,
				95A55BCD2B77853A0044411B /* Explore */,
				95A55BCE2B77853D0044411B /* Listings */,
				95A55BCC2B7785370044411B /* MapView */,
				95A55BCF2B77855A0044411B /* Profile */,
				95A55BD02B7785600044411B /* Root */,
				95A55BD12B77856E0044411B /* TabBar */,
				95A55BD22B7785770044411B /* Wishlists */,
			);
			path = Core;
			sourceTree = "<group>";
		};
		95A55BCA2B7784C50044411B /* App */ = {
			isa = PBXGroup;
			children = (
			);
			name = App;
			sourceTree = "<group>";
		};
		95A55BCB2B7784C90044411B /* Utils */ = {
			isa = PBXGroup;
			children = (
			);
			name = Utils;
			sourceTree = "<group>";
		};
		95A55BCC2B7785370044411B /* MapView */ = {
			isa = PBXGroup;
			children = (
			);
			name = MapView;
			sourceTree = "<group>";
		};
		95A55BCD2B77853A0044411B /* Explore */ = {
			isa = PBXGroup;
			children = (
				95A55BD32B7787FD0044411B /* ExplorerView.swift */,
				95A55BD72B77BF400044411B /* SearchAndFilterBar.swift */,
				95A55BE22B782CC60044411B /* TextAndToggle.swift */,
			);
			path = Explore;
			sourceTree = "<group>";
		};
		95A55BCE2B77853D0044411B /* Listings */ = {
			isa = PBXGroup;
			children = (
				95A55BD52B778B040044411B /* ListingItemView.swift */,
				9528A3322B78D1E500824859 /* ListingDetailView.swift */,
			);
			path = Listings;
			sourceTree = "<group>";
		};
		95A55BCF2B77855A0044411B /* Profile */ = {
			isa = PBXGroup;
			children = (
			);
			name = Profile;
			sourceTree = "<group>";
		};
		95A55BD02B7785600044411B /* Root */ = {
			isa = PBXGroup;
			children = (
			);
			name = Root;
			sourceTree = "<group>";
		};
		95A55BD12B77856E0044411B /* TabBar */ = {
			isa = PBXGroup;
			children = (
			);
			name = TabBar;
			sourceTree = "<group>";
		};
		95A55BD22B7785770044411B /* Wishlists */ = {
			isa = PBXGroup;
			children = (
			);
			name = Wishlists;
			sourceTree = "<group>";
		};
		95A55BDB2B77FF700044411B /* Components */ = {
			isa = PBXGroup;
			children = (
				95A55BDF2B7822860044411B /* Toggle */,
				95A55BDC2B77FF800044411B /* Button */,
				9528A3342B78D28700824859 /* ListingImageCarouselView.swift */,
			);
			path = Components;
			sourceTree = "<group>";
		};
		95A55BDC2B77FF800044411B /* Button */ = {
			isa = PBXGroup;
			children = (
				95A55BDD2B77FFB50044411B /* CircularButton.swift */,
			);
			path = Button;
			sourceTree = "<group>";
		};
		95A55BDF2B7822860044411B /* Toggle */ = {
			isa = PBXGroup;
			children = (
				95A55BE02B78229E0044411B /* SymbolToggle.swift */,
			);
			path = Toggle;
			sourceTree = "<group>";
		};
/* End PBXGroup section */

/* Begin PBXNativeTarget section */
		95A55BB52B777D870044411B /* AirbnbApp */ = {
			isa = PBXNativeTarget;
			buildConfigurationList = 95A55BC42B777D870044411B /* Build configuration list for PBXNativeTarget "AirbnbApp" */;
			buildPhases = (
				95A55BB22B777D870044411B /* Sources */,
				95A55BB32B777D870044411B /* Frameworks */,
				95A55BB42B777D870044411B /* Resources */,
			);
			buildRules = (
			);
			dependencies = (
			);
			name = AirbnbApp;
			productName = AirbnbApp;
			productReference = 95A55BB62B777D870044411B /* AirbnbApp.app */;
			productType = "com.apple.product-type.application";
		};
/* End PBXNativeTarget section */

/* Begin PBXProject section */
		95A55BAE2B777D870044411B /* Project object */ = {
			isa = PBXProject;
			attributes = {
				BuildIndependentTargetsInParallel = 1;
				LastSwiftUpdateCheck = 1500;
				LastUpgradeCheck = 1500;
				TargetAttributes = {
					95A55BB52B777D870044411B = {
						CreatedOnToolsVersion = 15.0;
					};
				};
			};
			buildConfigurationList = 95A55BB12B777D870044411B /* Build configuration list for PBXProject "AirbnbApp" */;
			compatibilityVersion = "Xcode 14.0";
			developmentRegion = en;
			hasScannedForEncodings = 0;
			knownRegions = (
				en,
				Base,
			);
			mainGroup = 95A55BAD2B777D870044411B;
			productRefGroup = 95A55BB72B777D870044411B /* Products */;
			projectDirPath = "";
			projectRoot = "";
			targets = (
				95A55BB52B777D870044411B /* AirbnbApp */,
			);
		};
/* End PBXProject section */

/* Begin PBXResourcesBuildPhase section */
		95A55BB42B777D870044411B /* Resources */ = {
			isa = PBXResourcesBuildPhase;
			buildActionMask = 2147483647;
			files = (
				95A55BC12B777D870044411B /* Preview Assets.xcassets in Resources */,
				95A55BBE2B777D870044411B /* Assets.xcassets in Resources */,
			);
			runOnlyForDeploymentPostprocessing = 0;
		};
/* End PBXResourcesBuildPhase section */

/* Begin PBXSourcesBuildPhase section */
		95A55BB22B777D870044411B /* Sources */ = {
			isa = PBXSourcesBuildPhase;
			buildActionMask = 2147483647;
			files = (
				95A55BBC2B777D870044411B /* ContentView.swift in Sources */,
				9528A3352B78D28700824859 /* ListingImageCarouselView.swift in Sources */,
				95A55BD62B778B040044411B /* ListingItemView.swift in Sources */,
				9528A3332B78D1E500824859 /* ListingDetailView.swift in Sources */,
				95A55BDA2B77CA910044411B /* HexToColor.swift in Sources */,
				95A55BBA2B777D870044411B /* AirbnbAppApp.swift in Sources */,
				95A55BD82B77BF400044411B /* SearchAndFilterBar.swift in Sources */,
				95A55BE32B782CC60044411B /* TextAndToggle.swift in Sources */,
				95A55BD42B7787FD0044411B /* ExplorerView.swift in Sources */,
				95A55BE12B78229E0044411B /* SymbolToggle.swift in Sources */,
				95A55BDE2B77FFB50044411B /* CircularButton.swift in Sources */,
			);
			runOnlyForDeploymentPostprocessing = 0;
		};
/* End PBXSourcesBuildPhase section */

/* Begin XCBuildConfiguration section */
		95A55BC22B777D870044411B /* Debug */ = {
			isa = XCBuildConfiguration;
			buildSettings = {
				ALWAYS_SEARCH_USER_PATHS = NO;
				ASSETCATALOG_COMPILER_GENERATE_SWIFT_ASSET_SYMBOL_EXTENSIONS = YES;
				CLANG_ANALYZER_NONNULL = YES;
				CLANG_ANALYZER_NUMBER_OBJECT_CONVERSION = YES_AGGRESSIVE;
				CLANG_CXX_LANGUAGE_STANDARD = "gnu++20";
				CLANG_ENABLE_MODULES = YES;
				CLANG_ENABLE_OBJC_ARC = YES;
				CLANG_ENABLE_OBJC_WEAK = YES;
				CLANG_WARN_BLOCK_CAPTURE_AUTORELEASING = YES;
				CLANG_WARN_BOOL_CONVERSION = YES;
				CLANG_WARN_COMMA = YES;
				CLANG_WARN_CONSTANT_CONVERSION = YES;
				CLANG_WARN_DEPRECATED_OBJC_IMPLEMENTATIONS = YES;
				CLANG_WARN_DIRECT_OBJC_ISA_USAGE = YES_ERROR;
				CLANG_WARN_DOCUMENTATION_COMMENTS = YES;
				CLANG_WARN_EMPTY_BODY = YES;
				CLANG_WARN_ENUM_CONVERSION = YES;
				CLANG_WARN_INFINITE_RECURSION = YES;
				CLANG_WARN_INT_CONVERSION = YES;
				CLANG_WARN_NON_LITERAL_NULL_CONVERSION = YES;
				CLANG_WARN_OBJC_IMPLICIT_RETAIN_SELF = YES;
				CLANG_WARN_OBJC_LITERAL_CONVERSION = YES;
				CLANG_WARN_OBJC_ROOT_CLASS = YES_ERROR;
				CLANG_WARN_QUOTED_INCLUDE_IN_FRAMEWORK_HEADER = YES;
				CLANG_WARN_RANGE_LOOP_ANALYSIS = YES;
				CLANG_WARN_STRICT_PROTOTYPES = YES;
				CLANG_WARN_SUSPICIOUS_MOVE = YES;
				CLANG_WARN_UNGUARDED_AVAILABILITY = YES_AGGRESSIVE;
				CLANG_WARN_UNREACHABLE_CODE = YES;
				CLANG_WARN__DUPLICATE_METHOD_MATCH = YES;
				COPY_PHASE_STRIP = NO;
				DEBUG_INFORMATION_FORMAT = dwarf;
				ENABLE_STRICT_OBJC_MSGSEND = YES;
				ENABLE_TESTABILITY = YES;
				ENABLE_USER_SCRIPT_SANDBOXING = YES;
				GCC_C_LANGUAGE_STANDARD = gnu17;
				GCC_DYNAMIC_NO_PIC = NO;
				GCC_NO_COMMON_BLOCKS = YES;
				GCC_OPTIMIZATION_LEVEL = 0;
				GCC_PREPROCESSOR_DEFINITIONS = (
					"DEBUG=1",
					"$(inherited)",
				);
				GCC_WARN_64_TO_32_BIT_CONVERSION = YES;
				GCC_WARN_ABOUT_RETURN_TYPE = YES_ERROR;
				GCC_WARN_UNDECLARED_SELECTOR = YES;
				GCC_WARN_UNINITIALIZED_AUTOS = YES_AGGRESSIVE;
				GCC_WARN_UNUSED_FUNCTION = YES;
				GCC_WARN_UNUSED_VARIABLE = YES;
				IPHONEOS_DEPLOYMENT_TARGET = 17.0;
				LOCALIZATION_PREFERS_STRING_CATALOGS = YES;
				MTL_ENABLE_DEBUG_INFO = INCLUDE_SOURCE;
				MTL_FAST_MATH = YES;
				ONLY_ACTIVE_ARCH = YES;
				SDKROOT = iphoneos;
				SWIFT_ACTIVE_COMPILATION_CONDITIONS = "DEBUG $(inherited)";
				SWIFT_OPTIMIZATION_LEVEL = "-Onone";
			};
			name = Debug;
		};
		95A55BC32B777D870044411B /* Release */ = {
			isa = XCBuildConfiguration;
			buildSettings = {
				ALWAYS_SEARCH_USER_PATHS = NO;
				ASSETCATALOG_COMPILER_GENERATE_SWIFT_ASSET_SYMBOL_EXTENSIONS = YES;
				CLANG_ANALYZER_NONNULL = YES;
				CLANG_ANALYZER_NUMBER_OBJECT_CONVERSION = YES_AGGRESSIVE;
				CLANG_CXX_LANGUAGE_STANDARD = "gnu++20";
				CLANG_ENABLE_MODULES = YES;
				CLANG_ENABLE_OBJC_ARC = YES;
				CLANG_ENABLE_OBJC_WEAK = YES;
				CLANG_WARN_BLOCK_CAPTURE_AUTORELEASING = YES;
				CLANG_WARN_BOOL_CONVERSION = YES;
				CLANG_WARN_COMMA = YES;
				CLANG_WARN_CONSTANT_CONVERSION = YES;
				CLANG_WARN_DEPRECATED_OBJC_IMPLEMENTATIONS = YES;
				CLANG_WARN_DIRECT_OBJC_ISA_USAGE = YES_ERROR;
				CLANG_WARN_DOCUMENTATION_COMMENTS = YES;
				CLANG_WARN_EMPTY_BODY = YES;
				CLANG_WARN_ENUM_CONVERSION = YES;
				CLANG_WARN_INFINITE_RECURSION = YES;
				CLANG_WARN_INT_CONVERSION = YES;
				CLANG_WARN_NON_LITERAL_NULL_CONVERSION = YES;
				CLANG_WARN_OBJC_IMPLICIT_RETAIN_SELF = YES;
				CLANG_WARN_OBJC_LITERAL_CONVERSION = YES;
				CLANG_WARN_OBJC_ROOT_CLASS = YES_ERROR;
				CLANG_WARN_QUOTED_INCLUDE_IN_FRAMEWORK_HEADER = YES;
				CLANG_WARN_RANGE_LOOP_ANALYSIS = YES;
				CLANG_WARN_STRICT_PROTOTYPES = YES;
				CLANG_WARN_SUSPICIOUS_MOVE = YES;
				CLANG_WARN_UNGUARDED_AVAILABILITY = YES_AGGRESSIVE;
				CLANG_WARN_UNREACHABLE_CODE = YES;
				CLANG_WARN__DUPLICATE_METHOD_MATCH = YES;
				COPY_PHASE_STRIP = NO;
				DEBUG_INFORMATION_FORMAT = "dwarf-with-dsym";
				ENABLE_NS_ASSERTIONS = NO;
				ENABLE_STRICT_OBJC_MSGSEND = YES;
				ENABLE_USER_SCRIPT_SANDBOXING = YES;
				GCC_C_LANGUAGE_STANDARD = gnu17;
				GCC_NO_COMMON_BLOCKS = YES;
				GCC_WARN_64_TO_32_BIT_CONVERSION = YES;
				GCC_WARN_ABOUT_RETURN_TYPE = YES_ERROR;
				GCC_WARN_UNDECLARED_SELECTOR = YES;
				GCC_WARN_UNINITIALIZED_AUTOS = YES_AGGRESSIVE;
				GCC_WARN_UNUSED_FUNCTION = YES;
				GCC_WARN_UNUSED_VARIABLE = YES;
				IPHONEOS_DEPLOYMENT_TARGET = 17.0;
				LOCALIZATION_PREFERS_STRING_CATALOGS = YES;
				MTL_ENABLE_DEBUG_INFO = NO;
				MTL_FAST_MATH = YES;
				SDKROOT = iphoneos;
				SWIFT_COMPILATION_MODE = wholemodule;
				VALIDATE_PRODUCT = YES;
			};
			name = Release;
		};
		95A55BC52B777D870044411B /* Debug */ = {
			isa = XCBuildConfiguration;
			buildSettings = {
				ASSETCATALOG_COMPILER_APPICON_NAME = AppIcon;
				ASSETCATALOG_COMPILER_GLOBAL_ACCENT_COLOR_NAME = AccentColor;
				CODE_SIGN_IDENTITY = "Apple Development";
				CODE_SIGN_STYLE = Automatic;
				CURRENT_PROJECT_VERSION = 1;
				DEVELOPMENT_ASSET_PATHS = "\"AirbnbApp/Preview Content\"";
				DEVELOPMENT_TEAM = YE333T4WMK;
				ENABLE_PREVIEWS = YES;
				GENERATE_INFOPLIST_FILE = YES;
				INFOPLIST_KEY_UIApplicationSceneManifest_Generation = YES;
				INFOPLIST_KEY_UIApplicationSupportsIndirectInputEvents = YES;
				INFOPLIST_KEY_UILaunchScreen_Generation = YES;
				INFOPLIST_KEY_UISupportedInterfaceOrientations_iPad = "UIInterfaceOrientationPortrait UIInterfaceOrientationPortraitUpsideDown UIInterfaceOrientationLandscapeLeft UIInterfaceOrientationLandscapeRight";
				INFOPLIST_KEY_UISupportedInterfaceOrientations_iPhone = "UIInterfaceOrientationPortrait UIInterfaceOrientationLandscapeLeft UIInterfaceOrientationLandscapeRight";
				IPHONEOS_DEPLOYMENT_TARGET = 16.4;
				LD_RUNPATH_SEARCH_PATHS = (
					"$(inherited)",
					"@executable_path/Frameworks",
				);
				MARKETING_VERSION = 1.0;
				PRODUCT_BUNDLE_IDENTIFIER = com.hamittrpn.AirbnbApp;
				PRODUCT_NAME = "$(TARGET_NAME)";
				PROVISIONING_PROFILE_SPECIFIER = "";
				SWIFT_EMIT_LOC_STRINGS = YES;
				SWIFT_VERSION = 5.0;
				TARGETED_DEVICE_FAMILY = "1,2";
			};
			name = Debug;
		};
		95A55BC62B777D870044411B /* Release */ = {
			isa = XCBuildConfiguration;
			buildSettings = {
				ASSETCATALOG_COMPILER_APPICON_NAME = AppIcon;
				ASSETCATALOG_COMPILER_GLOBAL_ACCENT_COLOR_NAME = AccentColor;
				CODE_SIGN_IDENTITY = "Apple Development";
				CODE_SIGN_STYLE = Automatic;
				CURRENT_PROJECT_VERSION = 1;
				DEVELOPMENT_ASSET_PATHS = "\"AirbnbApp/Preview Content\"";
				DEVELOPMENT_TEAM = YE333T4WMK;
				ENABLE_PREVIEWS = YES;
				GENERATE_INFOPLIST_FILE = YES;
				INFOPLIST_KEY_UIApplicationSceneManifest_Generation = YES;
				INFOPLIST_KEY_UIApplicationSupportsIndirectInputEvents = YES;
				INFOPLIST_KEY_UILaunchScreen_Generation = YES;
				INFOPLIST_KEY_UISupportedInterfaceOrientations_iPad = "UIInterfaceOrientationPortrait UIInterfaceOrientationPortraitUpsideDown UIInterfaceOrientationLandscapeLeft UIInterfaceOrientationLandscapeRight";
				INFOPLIST_KEY_UISupportedInterfaceOrientations_iPhone = "UIInterfaceOrientationPortrait UIInterfaceOrientationLandscapeLeft UIInterfaceOrientationLandscapeRight";
				IPHONEOS_DEPLOYMENT_TARGET = 16.4;
				LD_RUNPATH_SEARCH_PATHS = (
					"$(inherited)",
					"@executable_path/Frameworks",
				);
				MARKETING_VERSION = 1.0;
				PRODUCT_BUNDLE_IDENTIFIER = com.hamittrpn.AirbnbApp;
				PRODUCT_NAME = "$(TARGET_NAME)";
				PROVISIONING_PROFILE_SPECIFIER = "";
				SWIFT_EMIT_LOC_STRINGS = YES;
				SWIFT_VERSION = 5.0;
				TARGETED_DEVICE_FAMILY = "1,2";
			};
			name = Release;
		};
/* End XCBuildConfiguration section */

/* Begin XCConfigurationList section */
		95A55BB12B777D870044411B /* Build configuration list for PBXProject "AirbnbApp" */ = {
			isa = XCConfigurationList;
			buildConfigurations = (
				95A55BC22B777D870044411B /* Debug */,
				95A55BC32B777D870044411B /* Release */,
			);
			defaultConfigurationIsVisible = 0;
			defaultConfigurationName = Release;
		};
		95A55BC42B777D870044411B /* Build configuration list for PBXNativeTarget "AirbnbApp" */ = {
			isa = XCConfigurationList;
			buildConfigurations = (
				95A55BC52B777D870044411B /* Debug */,
				95A55BC62B777D870044411B /* Release */,
			);
			defaultConfigurationIsVisible = 0;
			defaultConfigurationName = Release;
		};
/* End XCConfigurationList section */
	};
	rootObject = 95A55BAE2B777D870044411B /* Project object */;
}
